
Microsoft Visual Studio Solution File, Format Version 12.00
# Visual Studio Version 17
VisualStudioVersion = 17.8.34525.116
MinimumVisualStudioVersion = 10.0.40219.1
Project("{8BC9CEB8-8B4A-11D0-8D11-00A0C91BC942}") = "TEST1", "TEST1.vcxproj", "{D6E90909-B09E-4F20-AC6A-10E67AC8127C}"
EndProject
Global
	GlobalSection(SolutionConfigurationPlatforms) = preSolution
		Debug|ARM64 = Debug|ARM64
		Debug|x64 = Debug|x64
		Release|ARM64 = Release|ARM64
		Release|x64 = Release|x64
	EndGlobalSection
	GlobalSection(ProjectConfigurationPlatforms) = postSolution
		{D6E90909-B09E-4F20-AC6A-10E67AC8127C}.Debug|ARM64.ActiveCfg = Debug|ARM64
		{D6E90909-B09E-4F20-AC6A-10E67AC8127C}.Debug|ARM64.Build.0 = Debug|ARM64
		{D6E90909-B09E-4F20-AC6A-10E67AC8127C}.Debug|ARM64.Deploy.0 = Debug|ARM64
		{D6E90909-B09E-4F20-AC6A-10E67AC8127C}.Debug|x64.ActiveCfg = Debug|x64
		{D6E90909-B09E-4F20-AC6A-10E67AC8127C}.Debug|x64.Build.0 = Debug|x64
		{D6E90909-B09E-4F20-AC6A-10E67AC8127C}.Debug|x64.Deploy.0 = Debug|x64
		{D6E90909-B09E-4F20-AC6A-10E67AC8127C}.Release|ARM64.ActiveCfg = Release|ARM64
		{D6E90909-B09E-4F20-AC6A-10E67AC8127C}.Release|ARM64.Build.0 = Release|ARM64
		{D6E90909-B09E-4F20-AC6A-10E67AC8127C}.Release|ARM64.Deploy.0 = Release|ARM64
		{D6E90909-B09E-4F20-AC6A-10E67AC8127C}.Release|x64.ActiveCfg = Release|x64
		{D6E90909-B09E-4F20-AC6A-10E67AC8127C}.Release|x64.Build.0 = Release|x64
		{D6E90909-B09E-4F20-AC6A-10E67AC8127C}.Release|x64.Deploy.0 = Release|x64
	EndGlobalSection
	GlobalSection(SolutionProperties) = preSolution
		HideSolutionNode = FALSE
	EndGlobalSection
	GlobalSection(ExtensibilityGlobals) = postSolution
		SolutionGuid = {F1C8BEA7-2A0D-4B72-9A05-D846D169401F}
	EndGlobalSection
EndGlobal
